
Microsoft Visual Studio Solution File, Format Version 12.00
# Visual Studio Version 16
VisualStudioVersion = 16.0.29306.81
MinimumVisualStudioVersion = 10.0.40219.1
Project("{FAE04EC0-301F-11D3-BF4B-00C04F79EFBC}") = "CUS_Administrar_Asistencia", "CUS_Administrar_Asistencia\CUS_Administrar_Asistencia.csproj", "{007B86C7-4E14-4EB4-9088-25B2DD385232}"
EndProject
Global
	GlobalSection(SolutionConfigurationPlatforms) = preSolution
		Debug|Any CPU = Debug|Any CPU
		Release|Any CPU = Release|Any CPU
	EndGlobalSection
	GlobalSection(ProjectConfigurationPlatforms) = postSolution
		{007B86C7-4E14-4EB4-9088-25B2DD385232}.Debug|Any CPU.ActiveCfg = Debug|Any CPU
		{007B86C7-4E14-4EB4-9088-25B2DD385232}.Debug|Any CPU.Build.0 = Debug|Any CPU
		{007B86C7-4E14-4EB4-9088-25B2DD385232}.Release|Any CPU.ActiveCfg = Release|Any CPU
		{007B86C7-4E14-4EB4-9088-25B2DD385232}.Release|Any CPU.Build.0 = Release|Any CPU
	EndGlobalSection
	GlobalSection(SolutionProperties) = preSolution
		HideSolutionNode = FALSE
	EndGlobalSection
	GlobalSection(ExtensibilityGlobals) = postSolution
		SolutionGuid = {3D44E67C-2F8C-4EBC-B555-E6770875005A}
	EndGlobalSection
EndGlobal
