
Microsoft Visual Studio Solution File, Format Version 12.00
# Visual Studio Version 16
VisualStudioVersion = 16.0.29418.71
MinimumVisualStudioVersion = 10.0.40219.1
Project("{FAE04EC0-301F-11D3-BF4B-00C04F79EFBC}") = "BD_SGIAMTvsgenerarcomprobante", "BD_SGIAMTvsgenerarcomprobante\BD_SGIAMTvsgenerarcomprobante.csproj", "{EB758B23-076D-4C83-A2ED-C67504BCA5A7}"
EndProject
Global
	GlobalSection(SolutionConfigurationPlatforms) = preSolution
		Debug|Any CPU = Debug|Any CPU
		Release|Any CPU = Release|Any CPU
	EndGlobalSection
	GlobalSection(ProjectConfigurationPlatforms) = postSolution
		{EB758B23-076D-4C83-A2ED-C67504BCA5A7}.Debug|Any CPU.ActiveCfg = Debug|Any CPU
		{EB758B23-076D-4C83-A2ED-C67504BCA5A7}.Debug|Any CPU.Build.0 = Debug|Any CPU
		{EB758B23-076D-4C83-A2ED-C67504BCA5A7}.Release|Any CPU.ActiveCfg = Release|Any CPU
		{EB758B23-076D-4C83-A2ED-C67504BCA5A7}.Release|Any CPU.Build.0 = Release|Any CPU
	EndGlobalSection
	GlobalSection(SolutionProperties) = preSolution
		HideSolutionNode = FALSE
	EndGlobalSection
	GlobalSection(ExtensibilityGlobals) = postSolution
		SolutionGuid = {0A6A30EA-12B4-41F5-8DEB-64728B42C03B}
	EndGlobalSection
EndGlobal
